
Microsoft Visual Studio Solution File, Format Version 12.00
# Visual Studio 15
VisualStudioVersion = 15.0.27428.2043
MinimumVisualStudioVersion = 10.0.40219.1
Project("{FAE04EC0-301F-11D3-BF4B-00C04F79EFBC}") = "NewIkea.Tests", "NewIkea\NewIkea.Tests.csproj", "{323448B9-7D3F-44F1-90D2-1055BDE0420D}"
EndProject
Project("{FAE04EC0-301F-11D3-BF4B-00C04F79EFBC}") = "NewIkea.Framework", "NewIkea.Framework\NewIkea.Framework.csproj", "{FC7C0AF2-B2EF-404E-9E26-EC0FCE32EF41}"
EndProject
Global
	GlobalSection(SolutionConfigurationPlatforms) = preSolution
		Debug|Any CPU = Debug|Any CPU
		Release|Any CPU = Release|Any CPU
	EndGlobalSection
	GlobalSection(ProjectConfigurationPlatforms) = postSolution
		{323448B9-7D3F-44F1-90D2-1055BDE0420D}.Debug|Any CPU.ActiveCfg = Debug|Any CPU
		{323448B9-7D3F-44F1-90D2-1055BDE0420D}.Debug|Any CPU.Build.0 = Debug|Any CPU
		{323448B9-7D3F-44F1-90D2-1055BDE0420D}.Release|Any CPU.ActiveCfg = Release|Any CPU
		{323448B9-7D3F-44F1-90D2-1055BDE0420D}.Release|Any CPU.Build.0 = Release|Any CPU
		{FC7C0AF2-B2EF-404E-9E26-EC0FCE32EF41}.Debug|Any CPU.ActiveCfg = Debug|Any CPU
		{FC7C0AF2-B2EF-404E-9E26-EC0FCE32EF41}.Debug|Any CPU.Build.0 = Debug|Any CPU
		{FC7C0AF2-B2EF-404E-9E26-EC0FCE32EF41}.Release|Any CPU.ActiveCfg = Release|Any CPU
		{FC7C0AF2-B2EF-404E-9E26-EC0FCE32EF41}.Release|Any CPU.Build.0 = Release|Any CPU
	EndGlobalSection
	GlobalSection(SolutionProperties) = preSolution
		HideSolutionNode = FALSE
	EndGlobalSection
	GlobalSection(ExtensibilityGlobals) = postSolution
		SolutionGuid = {0BB42ABC-92E7-44FF-B873-CB34CD9239FB}
	EndGlobalSection
EndGlobal
